<?xml version="1.0" encoding="utf-8"?>
<Project ToolsVersion="4.0" xmlns="http://schemas.microsoft.com/developer/msbuild/2003">
  <ItemGroup>
    <ClCompile Include="Data.cpp" />
    <ClCompile Include="main.cpp" />
    <ClCompile Include="Member.cpp" />
    <ClCompile Include="Page.cpp" />
    <ClCompile Include="Status.cpp" />
    <ClCompile Include="Exceptions.cpp" />
    <ClCompile Include="Object.cpp" />
  </ItemGroup>
  <ItemGroup>
    <ClInclude Include="Data.h" />
    <ClInclude Include="Member.h" />
    <ClInclude Include="Page.h" />
    <ClInclude Include="Status.h" />
    <ClInclude Include="Exceptions.h" />
    <ClInclude Include="ImageStatus.h" />
    <ClInclude Include="VideoStatus.h" />
    <ClInclude Include="Object.h" />
  </ItemGroup>
</Project>